
Microsoft Visual Studio Solution File, Format Version 12.00
# Visual Studio 2015
Project("{FAE04EC0-301F-11D3-BF4B-00C04F79EFBC}") = "2D Arena Battle.CSharp", "2D Arena Battle.CSharp.csproj", "{84703DAE-30CF-B7B2-6208-4DB136CFF67D}"
EndProject
Project("{FAE04EC0-301F-11D3-BF4B-00C04F79EFBC}") = "2D Arena Battle.CSharp.Editor", "2D Arena Battle.CSharp.Editor.csproj", "{5BDC2C9D-CB2F-0E0E-3A04-4238EC0C4581}"
EndProject
Global
	GlobalSection(SolutionConfigurationPlatforms) = preSolution
		Debug|Any CPU = Debug|Any CPU
		Release|Any CPU = Release|Any CPU
	EndGlobalSection
	GlobalSection(ProjectConfigurationPlatforms) = postSolution
		{84703DAE-30CF-B7B2-6208-4DB136CFF67D}.Debug|Any CPU.ActiveCfg = Debug|Any CPU
		{84703DAE-30CF-B7B2-6208-4DB136CFF67D}.Debug|Any CPU.Build.0 = Debug|Any CPU
		{84703DAE-30CF-B7B2-6208-4DB136CFF67D}.Release|Any CPU.ActiveCfg = Release|Any CPU
		{84703DAE-30CF-B7B2-6208-4DB136CFF67D}.Release|Any CPU.Build.0 = Release|Any CPU
		{5BDC2C9D-CB2F-0E0E-3A04-4238EC0C4581}.Debug|Any CPU.ActiveCfg = Debug|Any CPU
		{5BDC2C9D-CB2F-0E0E-3A04-4238EC0C4581}.Debug|Any CPU.Build.0 = Debug|Any CPU
		{5BDC2C9D-CB2F-0E0E-3A04-4238EC0C4581}.Release|Any CPU.ActiveCfg = Release|Any CPU
		{5BDC2C9D-CB2F-0E0E-3A04-4238EC0C4581}.Release|Any CPU.Build.0 = Release|Any CPU
	EndGlobalSection
	GlobalSection(SolutionProperties) = preSolution
		HideSolutionNode = FALSE
	EndGlobalSection
EndGlobal
